
Microsoft Visual Studio Solution File, Format Version 12.00
# Visual Studio Version 16
VisualStudioVersion = 16.0.32630.194
MinimumVisualStudioVersion = 10.0.40219.1
Project("{FAE04EC0-301F-11D3-BF4B-00C04F79EFBC}") = "min", "min\min.csproj", "{23E1DD7C-A15D-4500-98F1-D4F83F7B397C}"
EndProject
Global
	GlobalSection(SolutionConfigurationPlatforms) = preSolution
		Debug|Any CPU = Debug|Any CPU
		Release|Any CPU = Release|Any CPU
	EndGlobalSection
	GlobalSection(ProjectConfigurationPlatforms) = postSolution
		{23E1DD7C-A15D-4500-98F1-D4F83F7B397C}.Debug|Any CPU.ActiveCfg = Debug|Any CPU
		{23E1DD7C-A15D-4500-98F1-D4F83F7B397C}.Debug|Any CPU.Build.0 = Debug|Any CPU
		{23E1DD7C-A15D-4500-98F1-D4F83F7B397C}.Release|Any CPU.ActiveCfg = Release|Any CPU
		{23E1DD7C-A15D-4500-98F1-D4F83F7B397C}.Release|Any CPU.Build.0 = Release|Any CPU
	EndGlobalSection
	GlobalSection(SolutionProperties) = preSolution
		HideSolutionNode = FALSE
	EndGlobalSection
	GlobalSection(ExtensibilityGlobals) = postSolution
		SolutionGuid = {C3A0F5AE-7C6D-4364-A903-5171B814EC91}
	EndGlobalSection
EndGlobal
